
Microsoft Visual Studio Solution File, Format Version 12.00
# Visual Studio 15
VisualStudioVersion = 15.0.27703.2047
MinimumVisualStudioVersion = 10.0.40219.1
Project("{9A19103F-16F7-4668-BE54-9A1E7A4F7556}") = "Publisher", "Publisher\Publisher.csproj", "{AB90880C-DB89-44D6-9D6D-A9B8445CCC20}"
EndProject
Project("{FAE04EC0-301F-11D3-BF4B-00C04F79EFBC}") = "Consumer", "Consumer\Consumer.csproj", "{A6F4A695-4474-445C-A8BB-98131BC76DFF}"
EndProject
Global
	GlobalSection(SolutionConfigurationPlatforms) = preSolution
		Debug|Any CPU = Debug|Any CPU
		Release|Any CPU = Release|Any CPU
	EndGlobalSection
	GlobalSection(ProjectConfigurationPlatforms) = postSolution
		{AB90880C-DB89-44D6-9D6D-A9B8445CCC20}.Debug|Any CPU.ActiveCfg = Debug|Any CPU
		{AB90880C-DB89-44D6-9D6D-A9B8445CCC20}.Debug|Any CPU.Build.0 = Debug|Any CPU
		{AB90880C-DB89-44D6-9D6D-A9B8445CCC20}.Release|Any CPU.ActiveCfg = Release|Any CPU
		{AB90880C-DB89-44D6-9D6D-A9B8445CCC20}.Release|Any CPU.Build.0 = Release|Any CPU
		{A6F4A695-4474-445C-A8BB-98131BC76DFF}.Debug|Any CPU.ActiveCfg = Debug|Any CPU
		{A6F4A695-4474-445C-A8BB-98131BC76DFF}.Debug|Any CPU.Build.0 = Debug|Any CPU
		{A6F4A695-4474-445C-A8BB-98131BC76DFF}.Release|Any CPU.ActiveCfg = Release|Any CPU
		{A6F4A695-4474-445C-A8BB-98131BC76DFF}.Release|Any CPU.Build.0 = Release|Any CPU
	EndGlobalSection
	GlobalSection(SolutionProperties) = preSolution
		HideSolutionNode = FALSE
	EndGlobalSection
	GlobalSection(ExtensibilityGlobals) = postSolution
		SolutionGuid = {42263B65-33EA-4DB0-8524-C48B807268EA}
	EndGlobalSection
EndGlobal
